// !$*UTF8*$!
{
	archiveVersion = 1;
	classes = {
	};
	objectVersion = 46;
	objects = {

/* Begin PBXBuildFile section */
		6003F58E195388D20070C39A /* Foundation.framework in Frameworks */ = {isa = PBXBuildFile; fileRef = 6003F58D195388D20070C39A /* Foundation.framework */; };
		6003F590195388D20070C39A /* CoreGraphics.framework in Frameworks */ = {isa = PBXBuildFile; fileRef = 6003F58F195388D20070C39A /* CoreGraphics.framework */; };
		6003F592195388D20070C39A /* UIKit.framework in Frameworks */ = {isa = PBXBuildFile; fileRef = 6003F591195388D20070C39A /* UIKit.framework */; };
		6003F598195388D20070C39A /* InfoPlist.strings in Resources */ = {isa = PBXBuildFile; fileRef = 6003F596195388D20070C39A /* InfoPlist.strings */; };
		6003F59A195388D20070C39A /* main.m in Sources */ = {isa = PBXBuildFile; fileRef = 6003F599195388D20070C39A /* main.m */; };
		6003F59E195388D20070C39A /* HBTAppDelegate.m in Sources */ = {isa = PBXBuildFile; fileRef = 6003F59D195388D20070C39A /* HBTAppDelegate.m */; };
		6003F5A7195388D20070C39A /* HBTViewController.m in Sources */ = {isa = PBXBuildFile; fileRef = 6003F5A6195388D20070C39A /* HBTViewController.m */; };
		6003F5A9195388D20070C39A /* Images.xcassets in Resources */ = {isa = PBXBuildFile; fileRef = 6003F5A8195388D20070C39A /* Images.xcassets */; };
		6003F5B0195388D20070C39A /* XCTest.framework in Frameworks */ = {isa = PBXBuildFile; fileRef = 6003F5AF195388D20070C39A /* XCTest.framework */; };
		6003F5B1195388D20070C39A /* Foundation.framework in Frameworks */ = {isa = PBXBuildFile; fileRef = 6003F58D195388D20070C39A /* Foundation.framework */; };
		6003F5B2195388D20070C39A /* UIKit.framework in Frameworks */ = {isa = PBXBuildFile; fileRef = 6003F591195388D20070C39A /* UIKit.framework */; };
		6003F5BA195388D20070C39A /* InfoPlist.strings in Resources */ = {isa = PBXBuildFile; fileRef = 6003F5B8195388D20070C39A /* InfoPlist.strings */; };
		6003F5BC195388D20070C39A /* Tests.m in Sources */ = {isa = PBXBuildFile; fileRef = 6003F5BB195388D20070C39A /* Tests.m */; };
		71719F9F1E33DC2100824A3D /* LaunchScreen.storyboard in Resources */ = {isa = PBXBuildFile; fileRef = 71719F9D1E33DC2100824A3D /* LaunchScreen.storyboard */; };
		7C3C2B6E756AD0F87981BEE9 /* Pods_HBTCardTableViewController_Example.framework in Frameworks */ = {isa = PBXBuildFile; fileRef = 451E1DBA911A65187AB6E2B3 /* Pods_HBTCardTableViewController_Example.framework */; };
		873B8AEB1B1F5CCA007FD442 /* Main.storyboard in Resources */ = {isa = PBXBuildFile; fileRef = 873B8AEA1B1F5CCA007FD442 /* Main.storyboard */; };
		B33A8C84D816DD8638136276 /* Pods_HBTCardTableViewController_Tests.framework in Frameworks */ = {isa = PBXBuildFile; fileRef = 2CD891D87BBDE8D90CF41244 /* Pods_HBTCardTableViewController_Tests.framework */; };
		C78516F921098D1900523E61 /* HBTImageLabelCollectionCell.xib in Resources */ = {isa = PBXBuildFile; fileRef = C78516F621098D1800523E61 /* HBTImageLabelCollectionCell.xib */; };
		C78516FA21098D1900523E61 /* HBTImageLabelCollectionCell.m in Sources */ = {isa = PBXBuildFile; fileRef = C78516F821098D1800523E61 /* HBTImageLabelCollectionCell.m */; };
		C78517352109B31A00523E61 /* 2.jpg in Resources */ = {isa = PBXBuildFile; fileRef = C78517312109B31A00523E61 /* 2.jpg */; };
		C78517362109B31A00523E61 /* 3.jpg in Resources */ = {isa = PBXBuildFile; fileRef = C78517322109B31A00523E61 /* 3.jpg */; };
		C78517372109B31A00523E61 /* 4.jpg in Resources */ = {isa = PBXBuildFile; fileRef = C78517332109B31A00523E61 /* 4.jpg */; };
		C78517382109B31A00523E61 /* 1.jpg in Resources */ = {isa = PBXBuildFile; fileRef = C78517342109B31A00523E61 /* 1.jpg */; };
		C78517422109B8EE00523E61 /* HBTImageLabelHeaderView.xib in Resources */ = {isa = PBXBuildFile; fileRef = C785173F2109B8ED00523E61 /* HBTImageLabelHeaderView.xib */; };
		C78517432109B8EE00523E61 /* HBTImageLabelHeaderView.m in Sources */ = {isa = PBXBuildFile; fileRef = C78517412109B8EE00523E61 /* HBTImageLabelHeaderView.m */; };
		C785174A2109B94A00523E61 /* 5.jpg in Resources */ = {isa = PBXBuildFile; fileRef = C78517442109B94A00523E61 /* 5.jpg */; };
		C785174B2109B94A00523E61 /* hua3.jpg in Resources */ = {isa = PBXBuildFile; fileRef = C78517452109B94A00523E61 /* hua3.jpg */; };
		C785174C2109B94A00523E61 /* hua4.jpg in Resources */ = {isa = PBXBuildFile; fileRef = C78517462109B94A00523E61 /* hua4.jpg */; };
		C785174D2109B94A00523E61 /* hua1.jpg in Resources */ = {isa = PBXBuildFile; fileRef = C78517472109B94A00523E61 /* hua1.jpg */; };
		C785174E2109B94A00523E61 /* hua2.jpg in Resources */ = {isa = PBXBuildFile; fileRef = C78517482109B94A00523E61 /* hua2.jpg */; };
		C785174F2109B94A00523E61 /* hua5.jpg in Resources */ = {isa = PBXBuildFile; fileRef = C78517492109B94A00523E61 /* hua5.jpg */; };
		C78517532109BE8200523E61 /* HBTImageLabelTableCell.m in Sources */ = {isa = PBXBuildFile; fileRef = C78517512109BE8200523E61 /* HBTImageLabelTableCell.m */; };
		C78517542109BE8200523E61 /* HBTImageLabelTableCell.xib in Resources */ = {isa = PBXBuildFile; fileRef = C78517522109BE8200523E61 /* HBTImageLabelTableCell.xib */; };
/* End PBXBuildFile section */

/* Begin PBXContainerItemProxy section */
		6003F5B3195388D20070C39A /* PBXContainerItemProxy */ = {
			isa = PBXContainerItemProxy;
			containerPortal = 6003F582195388D10070C39A /* Project object */;
			proxyType = 1;
			remoteGlobalIDString = 6003F589195388D20070C39A;
			remoteInfo = HBTCardTableViewController;
		};
/* End PBXContainerItemProxy section */

/* Begin PBXFileReference section */
		2CD891D87BBDE8D90CF41244 /* Pods_HBTCardTableViewController_Tests.framework */ = {isa = PBXFileReference; explicitFileType = wrapper.framework; includeInIndex = 0; path = Pods_HBTCardTableViewController_Tests.framework; sourceTree = BUILT_PRODUCTS_DIR; };
		36C4B98C0A453CC9A1B04F5B /* LICENSE */ = {isa = PBXFileReference; includeInIndex = 1; lastKnownFileType = text; name = LICENSE; path = ../LICENSE; sourceTree = "<group>"; };
		451E1DBA911A65187AB6E2B3 /* Pods_HBTCardTableViewController_Example.framework */ = {isa = PBXFileReference; explicitFileType = wrapper.framework; includeInIndex = 0; path = Pods_HBTCardTableViewController_Example.framework; sourceTree = BUILT_PRODUCTS_DIR; };
		6003F58A195388D20070C39A /* HBTCardTableViewController_Example.app */ = {isa = PBXFileReference; explicitFileType = wrapper.application; includeInIndex = 0; path = HBTCardTableViewController_Example.app; sourceTree = BUILT_PRODUCTS_DIR; };
		6003F58D195388D20070C39A /* Foundation.framework */ = {isa = PBXFileReference; lastKnownFileType = wrapper.framework; name = Foundation.framework; path = System/Library/Frameworks/Foundation.framework; sourceTree = SDKROOT; };
		6003F58F195388D20070C39A /* CoreGraphics.framework */ = {isa = PBXFileReference; lastKnownFileType = wrapper.framework; name = CoreGraphics.framework; path = System/Library/Frameworks/CoreGraphics.framework; sourceTree = SDKROOT; };
		6003F591195388D20070C39A /* UIKit.framework */ = {isa = PBXFileReference; lastKnownFileType = wrapper.framework; name = UIKit.framework; path = System/Library/Frameworks/UIKit.framework; sourceTree = SDKROOT; };
		6003F595195388D20070C39A /* HBTCardTableViewController-Info.plist */ = {isa = PBXFileReference; lastKnownFileType = text.plist.xml; path = "HBTCardTableViewController-Info.plist"; sourceTree = "<group>"; };
		6003F597195388D20070C39A /* en */ = {isa = PBXFileReference; lastKnownFileType = text.plist.strings; name = en; path = en.lproj/InfoPlist.strings; sourceTree = "<group>"; };
		6003F599195388D20070C39A /* main.m */ = {isa = PBXFileReference; lastKnownFileType = sourcecode.c.objc; path = main.m; sourceTree = "<group>"; };
		6003F59B195388D20070C39A /* HBTCardTableViewController-Prefix.pch */ = {isa = PBXFileReference; lastKnownFileType = sourcecode.c.h; path = "HBTCardTableViewController-Prefix.pch"; sourceTree = "<group>"; };
		6003F59C195388D20070C39A /* HBTAppDelegate.h */ = {isa = PBXFileReference; lastKnownFileType = sourcecode.c.h; path = HBTAppDelegate.h; sourceTree = "<group>"; };
		6003F59D195388D20070C39A /* HBTAppDelegate.m */ = {isa = PBXFileReference; lastKnownFileType = sourcecode.c.objc; path = HBTAppDelegate.m; sourceTree = "<group>"; };
		6003F5A5195388D20070C39A /* HBTViewController.h */ = {isa = PBXFileReference; lastKnownFileType = sourcecode.c.h; path = HBTViewController.h; sourceTree = "<group>"; };
		6003F5A6195388D20070C39A /* HBTViewController.m */ = {isa = PBXFileReference; lastKnownFileType = sourcecode.c.objc; path = HBTViewController.m; sourceTree = "<group>"; };
		6003F5A8195388D20070C39A /* Images.xcassets */ = {isa = PBXFileReference; lastKnownFileType = folder.assetcatalog; path = Images.xcassets; sourceTree = "<group>"; };
		6003F5AE195388D20070C39A /* HBTCardTableViewController_Tests.xctest */ = {isa = PBXFileReference; explicitFileType = wrapper.cfbundle; includeInIndex = 0; path = HBTCardTableViewController_Tests.xctest; sourceTree = BUILT_PRODUCTS_DIR; };
		6003F5AF195388D20070C39A /* XCTest.framework */ = {isa = PBXFileReference; lastKnownFileType = wrapper.framework; name = XCTest.framework; path = Library/Frameworks/XCTest.framework; sourceTree = DEVELOPER_DIR; };
		6003F5B7195388D20070C39A /* Tests-Info.plist */ = {isa = PBXFileReference; lastKnownFileType = text.plist.xml; path = "Tests-Info.plist"; sourceTree = "<group>"; };
		6003F5B9195388D20070C39A /* en */ = {isa = PBXFileReference; lastKnownFileType = text.plist.strings; name = en; path = en.lproj/InfoPlist.strings; sourceTree = "<group>"; };
		6003F5BB195388D20070C39A /* Tests.m */ = {isa = PBXFileReference; lastKnownFileType = sourcecode.c.objc; path = Tests.m; sourceTree = "<group>"; };
		606FC2411953D9B200FFA9A0 /* Tests-Prefix.pch */ = {isa = PBXFileReference; lastKnownFileType = sourcecode.c.h; path = "Tests-Prefix.pch"; sourceTree = "<group>"; };
		71719F9E1E33DC2100824A3D /* Base */ = {isa = PBXFileReference; lastKnownFileType = file.storyboard; name = Base; path = Base.lproj/LaunchScreen.storyboard; sourceTree = "<group>"; };
		873B8AEA1B1F5CCA007FD442 /* Main.storyboard */ = {isa = PBXFileReference; fileEncoding = 4; lastKnownFileType = file.storyboard; name = Main.storyboard; path = Base.lproj/Main.storyboard; sourceTree = "<group>"; };
		8ADA871203021F4830BEE739 /* Pods-HBTCardTableViewController_Example.release.xcconfig */ = {isa = PBXFileReference; includeInIndex = 1; lastKnownFileType = text.xcconfig; name = "Pods-HBTCardTableViewController_Example.release.xcconfig"; path = "Pods/Target Support Files/Pods-HBTCardTableViewController_Example/Pods-HBTCardTableViewController_Example.release.xcconfig"; sourceTree = "<group>"; };
		8EF113DBF178021095527174 /* README.md */ = {isa = PBXFileReference; includeInIndex = 1; lastKnownFileType = net.daringfireball.markdown; name = README.md; path = ../README.md; sourceTree = "<group>"; };
		BE6BF0DAEF7EA965E182A6A1 /* HBTCardTableViewController.podspec */ = {isa = PBXFileReference; includeInIndex = 1; lastKnownFileType = text; name = HBTCardTableViewController.podspec; path = ../HBTCardTableViewController.podspec; sourceTree = "<group>"; xcLanguageSpecificationIdentifier = xcode.lang.ruby; };
		C5390C8DD55A4B1280E29B59 /* Pods-HBTCardTableViewController_Example.debug.xcconfig */ = {isa = PBXFileReference; includeInIndex = 1; lastKnownFileType = text.xcconfig; name = "Pods-HBTCardTableViewController_Example.debug.xcconfig"; path = "Pods/Target Support Files/Pods-HBTCardTableViewController_Example/Pods-HBTCardTableViewController_Example.debug.xcconfig"; sourceTree = "<group>"; };
		C78516F621098D1800523E61 /* HBTImageLabelCollectionCell.xib */ = {isa = PBXFileReference; fileEncoding = 4; lastKnownFileType = file.xib; path = HBTImageLabelCollectionCell.xib; sourceTree = "<group>"; };
		C78516F721098D1800523E61 /* HBTImageLabelCollectionCell.h */ = {isa = PBXFileReference; fileEncoding = 4; lastKnownFileType = sourcecode.c.h; path = HBTImageLabelCollectionCell.h; sourceTree = "<group>"; };
		C78516F821098D1800523E61 /* HBTImageLabelCollectionCell.m */ = {isa = PBXFileReference; fileEncoding = 4; lastKnownFileType = sourcecode.c.objc; path = HBTImageLabelCollectionCell.m; sourceTree = "<group>"; };
		C78517312109B31A00523E61 /* 2.jpg */ = {isa = PBXFileReference; lastKnownFileType = image.jpeg; path = 2.jpg; sourceTree = "<group>"; };
		C78517322109B31A00523E61 /* 3.jpg */ = {isa = PBXFileReference; lastKnownFileType = image.jpeg; path = 3.jpg; sourceTree = "<group>"; };
		C78517332109B31A00523E61 /* 4.jpg */ = {isa = PBXFileReference; lastKnownFileType = image.jpeg; path = 4.jpg; sourceTree = "<group>"; };
		C78517342109B31A00523E61 /* 1.jpg */ = {isa = PBXFileReference; lastKnownFileType = image.jpeg; path = 1.jpg; sourceTree = "<group>"; };
		C785173F2109B8ED00523E61 /* HBTImageLabelHeaderView.xib */ = {isa = PBXFileReference; fileEncoding = 4; lastKnownFileType = file.xib; path = HBTImageLabelHeaderView.xib; sourceTree = "<group>"; };
		C78517402109B8ED00523E61 /* HBTImageLabelHeaderView.h */ = {isa = PBXFileReference; fileEncoding = 4; lastKnownFileType = sourcecode.c.h; path = HBTImageLabelHeaderView.h; sourceTree = "<group>"; };
		C78517412109B8EE00523E61 /* HBTImageLabelHeaderView.m */ = {isa = PBXFileReference; fileEncoding = 4; lastKnownFileType = sourcecode.c.objc; path = HBTImageLabelHeaderView.m; sourceTree = "<group>"; };
		C78517442109B94A00523E61 /* 5.jpg */ = {isa = PBXFileReference; lastKnownFileType = image.jpeg; path = 5.jpg; sourceTree = "<group>"; };
		C78517452109B94A00523E61 /* hua3.jpg */ = {isa = PBXFileReference; lastKnownFileType = image.jpeg; path = hua3.jpg; sourceTree = "<group>"; };
		C78517462109B94A00523E61 /* hua4.jpg */ = {isa = PBXFileReference; lastKnownFileType = image.jpeg; path = hua4.jpg; sourceTree = "<group>"; };
		C78517472109B94A00523E61 /* hua1.jpg */ = {isa = PBXFileReference; lastKnownFileType = image.jpeg; path = hua1.jpg; sourceTree = "<group>"; };
		C78517482109B94A00523E61 /* hua2.jpg */ = {isa = PBXFileReference; lastKnownFileType = image.jpeg; path = hua2.jpg; sourceTree = "<group>"; };
		C78517492109B94A00523E61 /* hua5.jpg */ = {isa = PBXFileReference; lastKnownFileType = image.jpeg; path = hua5.jpg; sourceTree = "<group>"; };
		C78517502109BE8200523E61 /* HBTImageLabelTableCell.h */ = {isa = PBXFileReference; lastKnownFileType = sourcecode.c.h; path = HBTImageLabelTableCell.h; sourceTree = "<group>"; };
		C78517512109BE8200523E61 /* HBTImageLabelTableCell.m */ = {isa = PBXFileReference; lastKnownFileType = sourcecode.c.objc; path = HBTImageLabelTableCell.m; sourceTree = "<group>"; };
		C78517522109BE8200523E61 /* HBTImageLabelTableCell.xib */ = {isa = PBXFileReference; lastKnownFileType = file.xib; path = HBTImageLabelTableCell.xib; sourceTree = "<group>"; };
		E9B6592EFD4652BCB7DF7177 /* Pods-HBTCardTableViewController_Tests.release.xcconfig */ = {isa = PBXFileReference; includeInIndex = 1; lastKnownFileType = text.xcconfig; name = "Pods-HBTCardTableViewController_Tests.release.xcconfig"; path = "Pods/Target Support Files/Pods-HBTCardTableViewController_Tests/Pods-HBTCardTableViewController_Tests.release.xcconfig"; sourceTree = "<group>"; };
		F4CDA10DC6F67C3ADA11ABEE /* Pods-HBTCardTableViewController_Tests.debug.xcconfig */ = {isa = PBXFileReference; includeInIndex = 1; lastKnownFileType = text.xcconfig; name = "Pods-HBTCardTableViewController_Tests.debug.xcconfig"; path = "Pods/Target Support Files/Pods-HBTCardTableViewController_Tests/Pods-HBTCardTableViewController_Tests.debug.xcconfig"; sourceTree = "<group>"; };
/* End PBXFileReference section */

/* Begin PBXFrameworksBuildPhase section */
		6003F587195388D20070C39A /* Frameworks */ = {
			isa = PBXFrameworksBuildPhase;
			buildActionMask = 2147483647;
			files = (
				6003F590195388D20070C39A /* CoreGraphics.framework in Frameworks */,
				6003F592195388D20070C39A /* UIKit.framework in Frameworks */,
				6003F58E195388D20070C39A /* Foundation.framework in Frameworks */,
				7C3C2B6E756AD0F87981BEE9 /* Pods_HBTCardTableViewController_Example.framework in Frameworks */,
			);
			runOnlyForDeploymentPostprocessing = 0;
		};
		6003F5AB195388D20070C39A /* Frameworks */ = {
			isa = PBXFrameworksBuildPhase;
			buildActionMask = 2147483647;
			files = (
				6003F5B0195388D20070C39A /* XCTest.framework in Frameworks */,
				6003F5B2195388D20070C39A /* UIKit.framework in Frameworks */,
				6003F5B1195388D20070C39A /* Foundation.framework in Frameworks */,
				B33A8C84D816DD8638136276 /* Pods_HBTCardTableViewController_Tests.framework in Frameworks */,
			);
			runOnlyForDeploymentPostprocessing = 0;
		};
/* End PBXFrameworksBuildPhase section */

/* Begin PBXGroup section */
		6003F581195388D10070C39A = {
			isa = PBXGroup;
			children = (
				60FF7A9C1954A5C5007DD14C /* Podspec Metadata */,
				6003F593195388D20070C39A /* Example for HBTCardTableViewController */,
				6003F5B5195388D20070C39A /* Tests */,
				6003F58C195388D20070C39A /* Frameworks */,
				6003F58B195388D20070C39A /* Products */,
				93DC434861DDE876B446751B /* Pods */,
			);
			sourceTree = "<group>";
		};
		6003F58B195388D20070C39A /* Products */ = {
			isa = PBXGroup;
			children = (
				6003F58A195388D20070C39A /* HBTCardTableViewController_Example.app */,
				6003F5AE195388D20070C39A /* HBTCardTableViewController_Tests.xctest */,
			);
			name = Products;
			sourceTree = "<group>";
		};
		6003F58C195388D20070C39A /* Frameworks */ = {
			isa = PBXGroup;
			children = (
				6003F58D195388D20070C39A /* Foundation.framework */,
				6003F58F195388D20070C39A /* CoreGraphics.framework */,
				6003F591195388D20070C39A /* UIKit.framework */,
				6003F5AF195388D20070C39A /* XCTest.framework */,
				451E1DBA911A65187AB6E2B3 /* Pods_HBTCardTableViewController_Example.framework */,
				2CD891D87BBDE8D90CF41244 /* Pods_HBTCardTableViewController_Tests.framework */,
			);
			name = Frameworks;
			sourceTree = "<group>";
		};
		6003F593195388D20070C39A /* Example for HBTCardTableViewController */ = {
			isa = PBXGroup;
			children = (
				C78516F321098D1800523E61 /* View */,
				6003F59C195388D20070C39A /* HBTAppDelegate.h */,
				6003F59D195388D20070C39A /* HBTAppDelegate.m */,
				873B8AEA1B1F5CCA007FD442 /* Main.storyboard */,
				6003F5A5195388D20070C39A /* HBTViewController.h */,
				6003F5A6195388D20070C39A /* HBTViewController.m */,
				71719F9D1E33DC2100824A3D /* LaunchScreen.storyboard */,
				C78517232109B25800523E61 /* Resources */,
				6003F594195388D20070C39A /* Supporting Files */,
			);
			name = "Example for HBTCardTableViewController";
			path = HBTCardTableViewController;
			sourceTree = "<group>";
		};
		6003F594195388D20070C39A /* Supporting Files */ = {
			isa = PBXGroup;
			children = (
				6003F595195388D20070C39A /* HBTCardTableViewController-Info.plist */,
				6003F596195388D20070C39A /* InfoPlist.strings */,
				6003F599195388D20070C39A /* main.m */,
				6003F59B195388D20070C39A /* HBTCardTableViewController-Prefix.pch */,
			);
			name = "Supporting Files";
			sourceTree = "<group>";
		};
		6003F5B5195388D20070C39A /* Tests */ = {
			isa = PBXGroup;
			children = (
				6003F5BB195388D20070C39A /* Tests.m */,
				6003F5B6195388D20070C39A /* Supporting Files */,
			);
			path = Tests;
			sourceTree = "<group>";
		};
		6003F5B6195388D20070C39A /* Supporting Files */ = {
			isa = PBXGroup;
			children = (
				6003F5B7195388D20070C39A /* Tests-Info.plist */,
				6003F5B8195388D20070C39A /* InfoPlist.strings */,
				606FC2411953D9B200FFA9A0 /* Tests-Prefix.pch */,
			);
			name = "Supporting Files";
			sourceTree = "<group>";
		};
		60FF7A9C1954A5C5007DD14C /* Podspec Metadata */ = {
			isa = PBXGroup;
			children = (
				BE6BF0DAEF7EA965E182A6A1 /* HBTCardTableViewController.podspec */,
				8EF113DBF178021095527174 /* README.md */,
				36C4B98C0A453CC9A1B04F5B /* LICENSE */,
			);
			name = "Podspec Metadata";
			sourceTree = "<group>";
		};
		93DC434861DDE876B446751B /* Pods */ = {
			isa = PBXGroup;
			children = (
				C5390C8DD55A4B1280E29B59 /* Pods-HBTCardTableViewController_Example.debug.xcconfig */,
				8ADA871203021F4830BEE739 /* Pods-HBTCardTableViewController_Example.release.xcconfig */,
				F4CDA10DC6F67C3ADA11ABEE /* Pods-HBTCardTableViewController_Tests.debug.xcconfig */,
				E9B6592EFD4652BCB7DF7177 /* Pods-HBTCardTableViewController_Tests.release.xcconfig */,
			);
			name = Pods;
			sourceTree = "<group>";
		};
		C78516F321098D1800523E61 /* View */ = {
			isa = PBXGroup;
			children = (
				C785173E2109B8AA00523E61 /* TableViewHeaders */,
				C78516F421098D1800523E61 /* TableViewCells */,
				C78516F521098D1800523E61 /* CollectionViewCells */,
			);
			path = View;
			sourceTree = "<group>";
		};
		C78516F421098D1800523E61 /* TableViewCells */ = {
			isa = PBXGroup;
			children = (
				C78517502109BE8200523E61 /* HBTImageLabelTableCell.h */,
				C78517512109BE8200523E61 /* HBTImageLabelTableCell.m */,
				C78517522109BE8200523E61 /* HBTImageLabelTableCell.xib */,
			);
			path = TableViewCells;
			sourceTree = "<group>";
		};
		C78516F521098D1800523E61 /* CollectionViewCells */ = {
			isa = PBXGroup;
			children = (
				C78516F721098D1800523E61 /* HBTImageLabelCollectionCell.h */,
				C78516F821098D1800523E61 /* HBTImageLabelCollectionCell.m */,
				C78516F621098D1800523E61 /* HBTImageLabelCollectionCell.xib */,
			);
			path = CollectionViewCells;
			sourceTree = "<group>";
		};
		C78517232109B25800523E61 /* Resources */ = {
			isa = PBXGroup;
			children = (
				6003F5A8195388D20070C39A /* Images.xcassets */,
				C78517242109B25800523E61 /* Images */,
			);
			path = Resources;
			sourceTree = "<group>";
		};
		C78517242109B25800523E61 /* Images */ = {
			isa = PBXGroup;
			children = (
				C78517472109B94A00523E61 /* hua1.jpg */,
				C78517482109B94A00523E61 /* hua2.jpg */,
				C78517452109B94A00523E61 /* hua3.jpg */,
				C78517462109B94A00523E61 /* hua4.jpg */,
				C78517492109B94A00523E61 /* hua5.jpg */,
				C78517342109B31A00523E61 /* 1.jpg */,
				C78517312109B31A00523E61 /* 2.jpg */,
				C78517322109B31A00523E61 /* 3.jpg */,
				C78517332109B31A00523E61 /* 4.jpg */,
				C78517442109B94A00523E61 /* 5.jpg */,
			);
			path = Images;
			sourceTree = "<group>";
		};
		C785173E2109B8AA00523E61 /* TableViewHeaders */ = {
			isa = PBXGroup;
			children = (
				C78517402109B8ED00523E61 /* HBTImageLabelHeaderView.h */,
				C78517412109B8EE00523E61 /* HBTImageLabelHeaderView.m */,
				C785173F2109B8ED00523E61 /* HBTImageLabelHeaderView.xib */,
			);
			path = TableViewHeaders;
			sourceTree = "<group>";
		};
/* End PBXGroup section */

/* Begin PBXNativeTarget section */
		6003F589195388D20070C39A /* HBTCardTableViewController_Example */ = {
			isa = PBXNativeTarget;
			buildConfigurationList = 6003F5BF195388D20070C39A /* Build configuration list for PBXNativeTarget "HBTCardTableViewController_Example" */;
			buildPhases = (
				0D17BC7E6802038B486F1684 /* [CP] Check Pods Manifest.lock */,
				6003F586195388D20070C39A /* Sources */,
				6003F587195388D20070C39A /* Frameworks */,
				6003F588195388D20070C39A /* Resources */,
				482081EA478C1DCB9787ED90 /* [CP] Embed Pods Frameworks */,
			);
			buildRules = (
			);
			dependencies = (
			);
			name = HBTCardTableViewController_Example;
			productName = HBTCardTableViewController;
			productReference = 6003F58A195388D20070C39A /* HBTCardTableViewController_Example.app */;
			productType = "com.apple.product-type.application";
		};
		6003F5AD195388D20070C39A /* HBTCardTableViewController_Tests */ = {
			isa = PBXNativeTarget;
			buildConfigurationList = 6003F5C2195388D20070C39A /* Build configuration list for PBXNativeTarget "HBTCardTableViewController_Tests" */;
			buildPhases = (
				ECCD146C49463B98ADC0D98B /* [CP] Check Pods Manifest.lock */,
				6003F5AA195388D20070C39A /* Sources */,
				6003F5AB195388D20070C39A /* Frameworks */,
				6003F5AC195388D20070C39A /* Resources */,
			);
			buildRules = (
			);
			dependencies = (
				6003F5B4195388D20070C39A /* PBXTargetDependency */,
			);
			name = HBTCardTableViewController_Tests;
			productName = HBTCardTableViewControllerTests;
			productReference = 6003F5AE195388D20070C39A /* HBTCardTableViewController_Tests.xctest */;
			productType = "com.apple.product-type.bundle.unit-test";
		};
/* End PBXNativeTarget section */

/* Begin PBXProject section */
		6003F582195388D10070C39A /* Project object */ = {
			isa = PBXProject;
			attributes = {
				CLASSPREFIX = HBT;
				LastUpgradeCheck = 0940;
				ORGANIZATIONNAME = lovebzhou;
				TargetAttributes = {
					6003F589195388D20070C39A = {
						ProvisioningStyle = Manual;
					};
					6003F5AD195388D20070C39A = {
						TestTargetID = 6003F589195388D20070C39A;
					};
				};
			};
			buildConfigurationList = 6003F585195388D10070C39A /* Build configuration list for PBXProject "HBTCardTableViewController" */;
			compatibilityVersion = "Xcode 3.2";
			developmentRegion = English;
			hasScannedForEncodings = 0;
			knownRegions = (
				en,
				Base,
			);
			mainGroup = 6003F581195388D10070C39A;
			productRefGroup = 6003F58B195388D20070C39A /* Products */;
			projectDirPath = "";
			projectRoot = "";
			targets = (
				6003F589195388D20070C39A /* HBTCardTableViewController_Example */,
				6003F5AD195388D20070C39A /* HBTCardTableViewController_Tests */,
			);
		};
/* End PBXProject section */

/* Begin PBXResourcesBuildPhase section */
		6003F588195388D20070C39A /* Resources */ = {
			isa = PBXResourcesBuildPhase;
			buildActionMask = 2147483647;
			files = (
				C78517542109BE8200523E61 /* HBTImageLabelTableCell.xib in Resources */,
				C785174B2109B94A00523E61 /* hua3.jpg in Resources */,
				C785174D2109B94A00523E61 /* hua1.jpg in Resources */,
				C78517372109B31A00523E61 /* 4.jpg in Resources */,
				C78517352109B31A00523E61 /* 2.jpg in Resources */,
				873B8AEB1B1F5CCA007FD442 /* Main.storyboard in Resources */,
				C785174F2109B94A00523E61 /* hua5.jpg in Resources */,
				C78517422109B8EE00523E61 /* HBTImageLabelHeaderView.xib in Resources */,
				C785174C2109B94A00523E61 /* hua4.jpg in Resources */,
				C785174E2109B94A00523E61 /* hua2.jpg in Resources */,
				71719F9F1E33DC2100824A3D /* LaunchScreen.storyboard in Resources */,
				6003F5A9195388D20070C39A /* Images.xcassets in Resources */,
				6003F598195388D20070C39A /* InfoPlist.strings in Resources */,
				C78517382109B31A00523E61 /* 1.jpg in Resources */,
				C785174A2109B94A00523E61 /* 5.jpg in Resources */,
				C78517362109B31A00523E61 /* 3.jpg in Resources */,
				C78516F921098D1900523E61 /* HBTImageLabelCollectionCell.xib in Resources */,
			);
			runOnlyForDeploymentPostprocessing = 0;
		};
		6003F5AC195388D20070C39A /* Resources */ = {
			isa = PBXResourcesBuildPhase;
			buildActionMask = 2147483647;
			files = (
				6003F5BA195388D20070C39A /* InfoPlist.strings in Resources */,
			);
			runOnlyForDeploymentPostprocessing = 0;
		};
/* End PBXResourcesBuildPhase section */

/* Begin PBXShellScriptBuildPhase section */
		0D17BC7E6802038B486F1684 /* [CP] Check Pods Manifest.lock */ = {
			isa = PBXShellScriptBuildPhase;
			buildActionMask = 2147483647;
			files = (
			);
			inputPaths = (
				"${PODS_PODFILE_DIR_PATH}/Podfile.lock",
				"${PODS_ROOT}/Manifest.lock",
			);
			name = "[CP] Check Pods Manifest.lock";
			outputPaths = (
				"$(DERIVED_FILE_DIR)/Pods-HBTCardTableViewController_Example-checkManifestLockResult.txt",
			);
			runOnlyForDeploymentPostprocessing = 0;
			shellPath = /bin/sh;
			shellScript = "diff \"${PODS_PODFILE_DIR_PATH}/Podfile.lock\" \"${PODS_ROOT}/Manifest.lock\" > /dev/null\nif [ $? != 0 ] ; then\n    # print error to STDERR\n    echo \"error: The sandbox is not in sync with the Podfile.lock. Run 'pod install' or update your CocoaPods installation.\" >&2\n    exit 1\nfi\n# This output is used by Xcode 'outputs' to avoid re-running this script phase.\necho \"SUCCESS\" > \"${SCRIPT_OUTPUT_FILE_0}\"\n";
			showEnvVarsInLog = 0;
		};
		482081EA478C1DCB9787ED90 /* [CP] Embed Pods Frameworks */ = {
			isa = PBXShellScriptBuildPhase;
			buildActionMask = 2147483647;
			files = (
			);
			inputPaths = (
				"${SRCROOT}/Pods/Target Support Files/Pods-HBTCardTableViewController_Example/Pods-HBTCardTableViewController_Example-frameworks.sh",
				"${BUILT_PRODUCTS_DIR}/HBTCardTableViewController/HBTCardTableViewController.framework",
			);
			name = "[CP] Embed Pods Frameworks";
			outputPaths = (
				"${TARGET_BUILD_DIR}/${FRAMEWORKS_FOLDER_PATH}/HBTCardTableViewController.framework",
			);
			runOnlyForDeploymentPostprocessing = 0;
			shellPath = /bin/sh;
			shellScript = "\"${SRCROOT}/Pods/Target Support Files/Pods-HBTCardTableViewController_Example/Pods-HBTCardTableViewController_Example-frameworks.sh\"\n";
			showEnvVarsInLog = 0;
		};
		ECCD146C49463B98ADC0D98B /* [CP] Check Pods Manifest.lock */ = {
			isa = PBXShellScriptBuildPhase;
			buildActionMask = 2147483647;
			files = (
			);
			inputPaths = (
				"${PODS_PODFILE_DIR_PATH}/Podfile.lock",
				"${PODS_ROOT}/Manifest.lock",
			);
			name = "[CP] Check Pods Manifest.lock";
			outputPaths = (
				"$(DERIVED_FILE_DIR)/Pods-HBTCardTableViewController_Tests-checkManifestLockResult.txt",
			);
			runOnlyForDeploymentPostprocessing = 0;
			shellPath = /bin/sh;
			shellScript = "diff \"${PODS_PODFILE_DIR_PATH}/Podfile.lock\" \"${PODS_ROOT}/Manifest.lock\" > /dev/null\nif [ $? != 0 ] ; then\n    # print error to STDERR\n    echo \"error: The sandbox is not in sync with the Podfile.lock. Run 'pod install' or update your CocoaPods installation.\" >&2\n    exit 1\nfi\n# This output is used by Xcode 'outputs' to avoid re-running this script phase.\necho \"SUCCESS\" > \"${SCRIPT_OUTPUT_FILE_0}\"\n";
			showEnvVarsInLog = 0;
		};
/* End PBXShellScriptBuildPhase section */

/* Begin PBXSourcesBuildPhase section */
		6003F586195388D20070C39A /* Sources */ = {
			isa = PBXSourcesBuildPhase;
			buildActionMask = 2147483647;
			files = (
				C78516FA21098D1900523E61 /* HBTImageLabelCollectionCell.m in Sources */,
				6003F59E195388D20070C39A /* HBTAppDelegate.m in Sources */,
				6003F5A7195388D20070C39A /* HBTViewController.m in Sources */,
				6003F59A195388D20070C39A /* main.m in Sources */,
				C78517432109B8EE00523E61 /* HBTImageLabelHeaderView.m in Sources */,
				C78517532109BE8200523E61 /* HBTImageLabelTableCell.m in Sources */,
			);
			runOnlyForDeploymentPostprocessing = 0;
		};
		6003F5AA195388D20070C39A /* Sources */ = {
			isa = PBXSourcesBuildPhase;
			buildActionMask = 2147483647;
			files = (
				6003F5BC195388D20070C39A /* Tests.m in Sources */,
			);
			runOnlyForDeploymentPostprocessing = 0;
		};
/* End PBXSourcesBuildPhase section */

/* Begin PBXTargetDependency section */
		6003F5B4195388D20070C39A /* PBXTargetDependency */ = {
			isa = PBXTargetDependency;
			target = 6003F589195388D20070C39A /* HBTCardTableViewController_Example */;
			targetProxy = 6003F5B3195388D20070C39A /* PBXContainerItemProxy */;
		};
/* End PBXTargetDependency section */

/* Begin PBXVariantGroup section */
		6003F596195388D20070C39A /* InfoPlist.strings */ = {
			isa = PBXVariantGroup;
			children = (
				6003F597195388D20070C39A /* en */,
			);
			name = InfoPlist.strings;
			sourceTree = "<group>";
		};
		6003F5B8195388D20070C39A /* InfoPlist.strings */ = {
			isa = PBXVariantGroup;
			children = (
				6003F5B9195388D20070C39A /* en */,
			);
			name = InfoPlist.strings;
			sourceTree = "<group>";
		};
		71719F9D1E33DC2100824A3D /* LaunchScreen.storyboard */ = {
			isa = PBXVariantGroup;
			children = (
				71719F9E1E33DC2100824A3D /* Base */,
			);
			name = LaunchScreen.storyboard;
			sourceTree = "<group>";
		};
/* End PBXVariantGroup section */

/* Begin XCBuildConfiguration section */
		6003F5BD195388D20070C39A /* Debug */ = {
			isa = XCBuildConfiguration;
			buildSettings = {
				ALWAYS_SEARCH_USER_PATHS = NO;
				CLANG_CXX_LANGUAGE_STANDARD = "gnu++0x";
				CLANG_CXX_LIBRARY = "libc++";
				CLANG_ENABLE_MODULES = YES;
				CLANG_ENABLE_OBJC_ARC = YES;
				CLANG_WARN_BLOCK_CAPTURE_AUTORELEASING = YES;
				CLANG_WARN_BOOL_CONVERSION = YES;
				CLANG_WARN_COMMA = YES;
				CLANG_WARN_CONSTANT_CONVERSION = YES;
				CLANG_WARN_DEPRECATED_OBJC_IMPLEMENTATIONS = YES;
				CLANG_WARN_DIRECT_OBJC_ISA_USAGE = YES_ERROR;
				CLANG_WARN_EMPTY_BODY = YES;
				CLANG_WARN_ENUM_CONVERSION = YES;
				CLANG_WARN_INFINITE_RECURSION = YES;
				CLANG_WARN_INT_CONVERSION = YES;
				CLANG_WARN_NON_LITERAL_NULL_CONVERSION = YES;
				CLANG_WARN_OBJC_IMPLICIT_RETAIN_SELF = YES;
				CLANG_WARN_OBJC_LITERAL_CONVERSION = YES;
				CLANG_WARN_OBJC_ROOT_CLASS = YES_ERROR;
				CLANG_WARN_RANGE_LOOP_ANALYSIS = YES;
				CLANG_WARN_STRICT_PROTOTYPES = YES;
				CLANG_WARN_SUSPICIOUS_MOVE = YES;
				CLANG_WARN_UNREACHABLE_CODE = YES;
				CLANG_WARN__DUPLICATE_METHOD_MATCH = YES;
				"CODE_SIGN_IDENTITY[sdk=iphoneos*]" = "iPhone Developer";
				COPY_PHASE_STRIP = NO;
				ENABLE_STRICT_OBJC_MSGSEND = YES;
				ENABLE_TESTABILITY = YES;
				GCC_C_LANGUAGE_STANDARD = gnu99;
				GCC_DYNAMIC_NO_PIC = NO;
				GCC_NO_COMMON_BLOCKS = YES;
				GCC_OPTIMIZATION_LEVEL = 0;
				GCC_PREPROCESSOR_DEFINITIONS = (
					"DEBUG=1",
					"$(inherited)",
				);
				GCC_SYMBOLS_PRIVATE_EXTERN = NO;
				GCC_WARN_64_TO_32_BIT_CONVERSION = YES;
				GCC_WARN_ABOUT_RETURN_TYPE = YES_ERROR;
				GCC_WARN_UNDECLARED_SELECTOR = YES;
				GCC_WARN_UNINITIALIZED_AUTOS = YES_AGGRESSIVE;
				GCC_WARN_UNUSED_FUNCTION = YES;
				GCC_WARN_UNUSED_VARIABLE = YES;
				IPHONEOS_DEPLOYMENT_TARGET = 8.0;
				ONLY_ACTIVE_ARCH = YES;
				SDKROOT = iphoneos;
				TARGETED_DEVICE_FAMILY = "1,2";
			};
			name = Debug;
		};
		6003F5BE195388D20070C39A /* Release */ = {
			isa = XCBuildConfiguration;
			buildSettings = {
				ALWAYS_SEARCH_USER_PATHS = NO;
				CLANG_CXX_LANGUAGE_STANDARD = "gnu++0x";
				CLANG_CXX_LIBRARY = "libc++";
				CLANG_ENABLE_MODULES = YES;
				CLANG_ENABLE_OBJC_ARC = YES;
				CLANG_WARN_BLOCK_CAPTURE_AUTORELEASING = YES;
				CLANG_WARN_BOOL_CONVERSION = YES;
				CLANG_WARN_COMMA = YES;
				CLANG_WARN_CONSTANT_CONVERSION = YES;
				CLANG_WARN_DEPRECATED_OBJC_IMPLEMENTATIONS = YES;
				CLANG_WARN_DIRECT_OBJC_ISA_USAGE = YES_ERROR;
				CLANG_WARN_EMPTY_BODY = YES;
				CLANG_WARN_ENUM_CONVERSION = YES;
				CLANG_WARN_INFINITE_RECURSION = YES;
				CLANG_WARN_INT_CONVERSION = YES;
				CLANG_WARN_NON_LITERAL_NULL_CONVERSION = YES;
				CLANG_WARN_OBJC_IMPLICIT_RETAIN_SELF = YES;
				CLANG_WARN_OBJC_LITERAL_CONVERSION = YES;
				CLANG_WARN_OBJC_ROOT_CLASS = YES_ERROR;
				CLANG_WARN_RANGE_LOOP_ANALYSIS = YES;
				CLANG_WARN_STRICT_PROTOTYPES = YES;
				CLANG_WARN_SUSPICIOUS_MOVE = YES;
				CLANG_WARN_UNREACHABLE_CODE = YES;
				CLANG_WARN__DUPLICATE_METHOD_MATCH = YES;
				"CODE_SIGN_IDENTITY[sdk=iphoneos*]" = "iPhone Developer";
				COPY_PHASE_STRIP = YES;
				ENABLE_NS_ASSERTIONS = NO;
				ENABLE_STRICT_OBJC_MSGSEND = YES;
				GCC_C_LANGUAGE_STANDARD = gnu99;
				GCC_NO_COMMON_BLOCKS = YES;
				GCC_WARN_64_TO_32_BIT_CONVERSION = YES;
				GCC_WARN_ABOUT_RETURN_TYPE = YES_ERROR;
				GCC_WARN_UNDECLARED_SELECTOR = YES;
				GCC_WARN_UNINITIALIZED_AUTOS = YES_AGGRESSIVE;
				GCC_WARN_UNUSED_FUNCTION = YES;
				GCC_WARN_UNUSED_VARIABLE = YES;
				IPHONEOS_DEPLOYMENT_TARGET = 8.0;
				SDKROOT = iphoneos;
				TARGETED_DEVICE_FAMILY = "1,2";
				VALIDATE_PRODUCT = YES;
			};
			name = Release;
		};
		6003F5C0195388D20070C39A /* Debug */ = {
			isa = XCBuildConfiguration;
			baseConfigurationReference = C5390C8DD55A4B1280E29B59 /* Pods-HBTCardTableViewController_Example.debug.xcconfig */;
			buildSettings = {
				ASSETCATALOG_COMPILER_APPICON_NAME = AppIcon;
				CODE_SIGN_STYLE = Manual;
				DEVELOPMENT_TEAM = "";
				GCC_PRECOMPILE_PREFIX_HEADER = YES;
				GCC_PREFIX_HEADER = "HBTCardTableViewController/HBTCardTableViewController-Prefix.pch";
				INFOPLIST_FILE = "HBTCardTableViewController/HBTCardTableViewController-Info.plist";
				MODULE_NAME = ExampleApp;
				PRODUCT_BUNDLE_IDENTIFIER = "net.tiny.demo.HBTCardTableViewController-Example";
				PRODUCT_NAME = "$(TARGET_NAME)";
				PROVISIONING_PROFILE_SPECIFIER = "";
				WRAPPER_EXTENSION = app;
			};
			name = Debug;
		};
		6003F5C1195388D20070C39A /* Release */ = {
			isa = XCBuildConfiguration;
			baseConfigurationReference = 8ADA871203021F4830BEE739 /* Pods-HBTCardTableViewController_Example.release.xcconfig */;
			buildSettings = {
				ASSETCATALOG_COMPILER_APPICON_NAME = AppIcon;
				CODE_SIGN_STYLE = Manual;
				DEVELOPMENT_TEAM = "";
				GCC_PRECOMPILE_PREFIX_HEADER = YES;
				GCC_PREFIX_HEADER = "HBTCardTableViewController/HBTCardTableViewController-Prefix.pch";
				INFOPLIST_FILE = "HBTCardTableViewController/HBTCardTableViewController-Info.plist";
				MODULE_NAME = ExampleApp;
				PRODUCT_BUNDLE_IDENTIFIER = "net.tiny.demo.HBTCardTableViewController-Example";
				PRODUCT_NAME = "$(TARGET_NAME)";
				PROVISIONING_PROFILE_SPECIFIER = "";
				WRAPPER_EXTENSION = app;
			};
			name = Release;
		};
		6003F5C3195388D20070C39A /* Debug */ = {
			isa = XCBuildConfiguration;
			baseConfigurationReference = F4CDA10DC6F67C3ADA11ABEE /* Pods-HBTCardTableViewController_Tests.debug.xcconfig */;
			buildSettings = {
				BUNDLE_LOADER = "$(TEST_HOST)";
				FRAMEWORK_SEARCH_PATHS = (
					"$(SDKROOT)/Developer/Library/Frameworks",
					"$(inherited)",
					"$(DEVELOPER_FRAMEWORKS_DIR)",
				);
				GCC_PRECOMPILE_PREFIX_HEADER = YES;
				GCC_PREFIX_HEADER = "Tests/Tests-Prefix.pch";
				GCC_PREPROCESSOR_DEFINITIONS = (
					"DEBUG=1",
					"$(inherited)",
				);
				INFOPLIST_FILE = "Tests/Tests-Info.plist";
				PRODUCT_BUNDLE_IDENTIFIER = "org.cocoapods.demo.${PRODUCT_NAME:rfc1034identifier}";
				PRODUCT_NAME = "$(TARGET_NAME)";
				TEST_HOST = "$(BUILT_PRODUCTS_DIR)/HBTCardTableViewController_Example.app/HBTCardTableViewController_Example";
				WRAPPER_EXTENSION = xctest;
			};
			name = Debug;
		};
		6003F5C4195388D20070C39A /* Release */ = {
			isa = XCBuildConfiguration;
			baseConfigurationReference = E9B6592EFD4652BCB7DF7177 /* Pods-HBTCardTableViewController_Tests.release.xcconfig */;
			buildSettings = {
				BUNDLE_LOADER = "$(TEST_HOST)";
				FRAMEWORK_SEARCH_PATHS = (
					"$(SDKROOT)/Developer/Library/Frameworks",
					"$(inherited)",
					"$(DEVELOPER_FRAMEWORKS_DIR)",
				);
				GCC_PRECOMPILE_PREFIX_HEADER = YES;
				GCC_PREFIX_HEADER = "Tests/Tests-Prefix.pch";
				INFOPLIST_FILE = "Tests/Tests-Info.plist";
				PRODUCT_BUNDLE_IDENTIFIER = "org.cocoapods.demo.${PRODUCT_NAME:rfc1034identifier}";
				PRODUCT_NAME = "$(TARGET_NAME)";
				TEST_HOST = "$(BUILT_PRODUCTS_DIR)/HBTCardTableViewController_Example.app/HBTCardTableViewController_Example";
				WRAPPER_EXTENSION = xctest;
			};
			name = Release;
		};
/* End XCBuildConfiguration section */

/* Begin XCConfigurationList section */
		6003F585195388D10070C39A /* Build configuration list for PBXProject "HBTCardTableViewController" */ = {
			isa = XCConfigurationList;
			buildConfigurations = (
				6003F5BD195388D20070C39A /* Debug */,
				6003F5BE195388D20070C39A /* Release */,
			);
			defaultConfigurationIsVisible = 0;
			defaultConfigurationName = Release;
		};
		6003F5BF195388D20070C39A /* Build configuration list for PBXNativeTarget "HBTCardTableViewController_Example" */ = {
			isa = XCConfigurationList;
			buildConfigurations = (
				6003F5C0195388D20070C39A /* Debug */,
				6003F5C1195388D20070C39A /* Release */,
			);
			defaultConfigurationIsVisible = 0;
			defaultConfigurationName = Release;
		};
		6003F5C2195388D20070C39A /* Build configuration list for PBXNativeTarget "HBTCardTableViewController_Tests" */ = {
			isa = XCConfigurationList;
			buildConfigurations = (
				6003F5C3195388D20070C39A /* Debug */,
				6003F5C4195388D20070C39A /* Release */,
			);
			defaultConfigurationIsVisible = 0;
			defaultConfigurationName = Release;
		};
/* End XCConfigurationList section */
	};
	rootObject = 6003F582195388D10070C39A /* Project object */;
}
